
Microsoft Visual Studio Solution File, Format Version 12.00
# Visual Studio 14
VisualStudioVersion = 14.0.23107.0
MinimumVisualStudioVersion = 10.0.40219.1
Project("{FAE04EC0-301F-11D3-BF4B-00C04F79EFBC}") = "01SumOfThreeNumbers", "01SumOfThreeNumbers\01SumOfThreeNumbers.csproj", "{E3374969-3B85-4B45-8B41-CE42B52B8605}"
EndProject
Project("{FAE04EC0-301F-11D3-BF4B-00C04F79EFBC}") = "02 PrintCompanyInformation", "02 PrintCompanyInformation\02 PrintCompanyInformation.csproj", "{563B8795-6C3D-4C0D-9DFC-5053E1FA15EF}"
EndProject
Project("{FAE04EC0-301F-11D3-BF4B-00C04F79EFBC}") = "03 Circle Perimeter and Area", "03 Circle Perimeter and Area\03 Circle Perimeter and Area.csproj", "{D70C3F6B-7E56-42CB-A6F9-93BAF212D403}"
EndProject
Project("{FAE04EC0-301F-11D3-BF4B-00C04F79EFBC}") = "04 Number Comparer", "04 Number Comparer\04 Number Comparer.csproj", "{F6562A17-AADF-4B51-A2EF-9D742A0DD338}"
EndProject
Project("{FAE04EC0-301F-11D3-BF4B-00C04F79EFBC}") = "05 Formatting Numbers", "05 Formatting Numbers\05 Formatting Numbers.csproj", "{A0D0B6C7-EEFF-4E90-8EF0-0FD5F6071A52}"
EndProject
Global
	GlobalSection(SolutionConfigurationPlatforms) = preSolution
		Debug|Any CPU = Debug|Any CPU
		Release|Any CPU = Release|Any CPU
	EndGlobalSection
	GlobalSection(ProjectConfigurationPlatforms) = postSolution
		{E3374969-3B85-4B45-8B41-CE42B52B8605}.Debug|Any CPU.ActiveCfg = Debug|Any CPU
		{E3374969-3B85-4B45-8B41-CE42B52B8605}.Debug|Any CPU.Build.0 = Debug|Any CPU
		{E3374969-3B85-4B45-8B41-CE42B52B8605}.Release|Any CPU.ActiveCfg = Release|Any CPU
		{E3374969-3B85-4B45-8B41-CE42B52B8605}.Release|Any CPU.Build.0 = Release|Any CPU
		{563B8795-6C3D-4C0D-9DFC-5053E1FA15EF}.Debug|Any CPU.ActiveCfg = Debug|Any CPU
		{563B8795-6C3D-4C0D-9DFC-5053E1FA15EF}.Debug|Any CPU.Build.0 = Debug|Any CPU
		{563B8795-6C3D-4C0D-9DFC-5053E1FA15EF}.Release|Any CPU.ActiveCfg = Release|Any CPU
		{563B8795-6C3D-4C0D-9DFC-5053E1FA15EF}.Release|Any CPU.Build.0 = Release|Any CPU
		{D70C3F6B-7E56-42CB-A6F9-93BAF212D403}.Debug|Any CPU.ActiveCfg = Debug|Any CPU
		{D70C3F6B-7E56-42CB-A6F9-93BAF212D403}.Debug|Any CPU.Build.0 = Debug|Any CPU
		{D70C3F6B-7E56-42CB-A6F9-93BAF212D403}.Release|Any CPU.ActiveCfg = Release|Any CPU
		{D70C3F6B-7E56-42CB-A6F9-93BAF212D403}.Release|Any CPU.Build.0 = Release|Any CPU
		{F6562A17-AADF-4B51-A2EF-9D742A0DD338}.Debug|Any CPU.ActiveCfg = Debug|Any CPU
		{F6562A17-AADF-4B51-A2EF-9D742A0DD338}.Debug|Any CPU.Build.0 = Debug|Any CPU
		{F6562A17-AADF-4B51-A2EF-9D742A0DD338}.Release|Any CPU.ActiveCfg = Release|Any CPU
		{F6562A17-AADF-4B51-A2EF-9D742A0DD338}.Release|Any CPU.Build.0 = Release|Any CPU
		{A0D0B6C7-EEFF-4E90-8EF0-0FD5F6071A52}.Debug|Any CPU.ActiveCfg = Debug|Any CPU
		{A0D0B6C7-EEFF-4E90-8EF0-0FD5F6071A52}.Debug|Any CPU.Build.0 = Debug|Any CPU
		{A0D0B6C7-EEFF-4E90-8EF0-0FD5F6071A52}.Release|Any CPU.ActiveCfg = Release|Any CPU
		{A0D0B6C7-EEFF-4E90-8EF0-0FD5F6071A52}.Release|Any CPU.Build.0 = Release|Any CPU
	EndGlobalSection
	GlobalSection(SolutionProperties) = preSolution
		HideSolutionNode = FALSE
	EndGlobalSection
EndGlobal
